
Microsoft Visual Studio Solution File, Format Version 12.00
# Visual Studio 2012
Project("{FAE04EC0-301F-11D3-BF4B-00C04F79EFBC}") = "AmazonKinesisProducer", "AmazonKinesisProducer\AmazonKinesisProducer.csproj", "{14327D46-86C3-47AD-8638-CF4DD2F5C1A8}"
EndProject
Project("{FAE04EC0-301F-11D3-BF4B-00C04F79EFBC}") = "AmazonKinesisConsumer", "AmazonKinesisClient\AmazonKinesisConsumer.csproj", "{F6CF2280-BD13-4217-9893-3E8FF04DCAA8}"
EndProject
Global
	GlobalSection(SolutionConfigurationPlatforms) = preSolution
		Debug|Any CPU = Debug|Any CPU
		Release|Any CPU = Release|Any CPU
	EndGlobalSection
	GlobalSection(ProjectConfigurationPlatforms) = postSolution
		{14327D46-86C3-47AD-8638-CF4DD2F5C1A8}.Debug|Any CPU.ActiveCfg = Debug|Any CPU
		{14327D46-86C3-47AD-8638-CF4DD2F5C1A8}.Debug|Any CPU.Build.0 = Debug|Any CPU
		{14327D46-86C3-47AD-8638-CF4DD2F5C1A8}.Release|Any CPU.ActiveCfg = Release|Any CPU
		{14327D46-86C3-47AD-8638-CF4DD2F5C1A8}.Release|Any CPU.Build.0 = Release|Any CPU
		{F6CF2280-BD13-4217-9893-3E8FF04DCAA8}.Debug|Any CPU.ActiveCfg = Debug|Any CPU
		{F6CF2280-BD13-4217-9893-3E8FF04DCAA8}.Debug|Any CPU.Build.0 = Debug|Any CPU
		{F6CF2280-BD13-4217-9893-3E8FF04DCAA8}.Release|Any CPU.ActiveCfg = Release|Any CPU
		{F6CF2280-BD13-4217-9893-3E8FF04DCAA8}.Release|Any CPU.Build.0 = Release|Any CPU
	EndGlobalSection
	GlobalSection(SolutionProperties) = preSolution
		HideSolutionNode = FALSE
	EndGlobalSection
EndGlobal
